
Microsoft Visual Studio Solution File, Format Version 12.00
# Visual Studio 2012
Project("{FAE04EC0-301F-11D3-BF4B-00C04F79EFBC}") = "CountLetters", "CountLetters.csproj", "{29AF5F98-E05A-436E-AFE7-262FF06603BD}"
EndProject
Project("{FAE04EC0-301F-11D3-BF4B-00C04F79EFBC}") = "LetterCounterTest", "LetterCounterTest\LetterCounterTest.csproj", "{8AEEA55F-7A01-44DA-B765-46940A125E1F}"
EndProject
Global
	GlobalSection(SolutionConfigurationPlatforms) = preSolution
		Debug|Any CPU = Debug|Any CPU
		Release|Any CPU = Release|Any CPU
	EndGlobalSection
	GlobalSection(ProjectConfigurationPlatforms) = postSolution
		{29AF5F98-E05A-436E-AFE7-262FF06603BD}.Debug|Any CPU.ActiveCfg = Debug|Any CPU
		{29AF5F98-E05A-436E-AFE7-262FF06603BD}.Debug|Any CPU.Build.0 = Debug|Any CPU
		{29AF5F98-E05A-436E-AFE7-262FF06603BD}.Release|Any CPU.ActiveCfg = Release|Any CPU
		{29AF5F98-E05A-436E-AFE7-262FF06603BD}.Release|Any CPU.Build.0 = Release|Any CPU
		{8AEEA55F-7A01-44DA-B765-46940A125E1F}.Debug|Any CPU.ActiveCfg = Debug|Any CPU
		{8AEEA55F-7A01-44DA-B765-46940A125E1F}.Debug|Any CPU.Build.0 = Debug|Any CPU
		{8AEEA55F-7A01-44DA-B765-46940A125E1F}.Release|Any CPU.ActiveCfg = Release|Any CPU
		{8AEEA55F-7A01-44DA-B765-46940A125E1F}.Release|Any CPU.Build.0 = Release|Any CPU
	EndGlobalSection
EndGlobal
