
Microsoft Visual Studio Solution File, Format Version 12.00
# Visual Studio 2012
Project("{FAE04EC0-301F-11D3-BF4B-00C04F79EFBC}") = "Frequency", "Frequency.csproj", "{3FC1CC87-EBA1-4A71-A5A3-B829D8A89B1B}"
EndProject
Global
	GlobalSection(SolutionConfigurationPlatforms) = preSolution
		Debug|x86 = Debug|x86
		Release|x86 = Release|x86
	EndGlobalSection
	GlobalSection(ProjectConfigurationPlatforms) = postSolution
		{3FC1CC87-EBA1-4A71-A5A3-B829D8A89B1B}.Debug|x86.ActiveCfg = Debug|x86
		{3FC1CC87-EBA1-4A71-A5A3-B829D8A89B1B}.Debug|x86.Build.0 = Debug|x86
		{3FC1CC87-EBA1-4A71-A5A3-B829D8A89B1B}.Release|x86.ActiveCfg = Release|x86
		{3FC1CC87-EBA1-4A71-A5A3-B829D8A89B1B}.Release|x86.Build.0 = Release|x86
	EndGlobalSection
EndGlobal
