
Microsoft Visual Studio Solution File, Format Version 12.00
# Visual Studio 2012
Project("{FAE04EC0-301F-11D3-BF4B-00C04F79EFBC}") = "Sum", "Sum.csproj", "{8C7C9661-38F7-48B3-BD65-7CBFC613495D}"
EndProject
Project("{FAE04EC0-301F-11D3-BF4B-00C04F79EFBC}") = "SumTest", "SumTest\SumTest.csproj", "{3D6326B3-EDA8-4257-A622-D4452669E748}"
EndProject
Global
	GlobalSection(SolutionConfigurationPlatforms) = preSolution
		Debug|Any CPU = Debug|Any CPU
		Release|Any CPU = Release|Any CPU
	EndGlobalSection
	GlobalSection(ProjectConfigurationPlatforms) = postSolution
		{8C7C9661-38F7-48B3-BD65-7CBFC613495D}.Debug|Any CPU.ActiveCfg = Debug|Any CPU
		{8C7C9661-38F7-48B3-BD65-7CBFC613495D}.Debug|Any CPU.Build.0 = Debug|Any CPU
		{8C7C9661-38F7-48B3-BD65-7CBFC613495D}.Release|Any CPU.ActiveCfg = Release|Any CPU
		{8C7C9661-38F7-48B3-BD65-7CBFC613495D}.Release|Any CPU.Build.0 = Release|Any CPU
		{3D6326B3-EDA8-4257-A622-D4452669E748}.Debug|Any CPU.ActiveCfg = Debug|Any CPU
		{3D6326B3-EDA8-4257-A622-D4452669E748}.Debug|Any CPU.Build.0 = Debug|Any CPU
		{3D6326B3-EDA8-4257-A622-D4452669E748}.Release|Any CPU.ActiveCfg = Release|Any CPU
		{3D6326B3-EDA8-4257-A622-D4452669E748}.Release|Any CPU.Build.0 = Release|Any CPU
	EndGlobalSection
EndGlobal
