
Microsoft Visual Studio Solution File, Format Version 12.00
# Visual Studio 2012
Project("{FAE04EC0-301F-11D3-BF4B-00C04F79EFBC}") = "Anagram", "Anagram.csproj", "{932BE9BB-62EA-4CFF-B7BE-20D75D03CC4E}"
EndProject
Project("{FAE04EC0-301F-11D3-BF4B-00C04F79EFBC}") = "AnagramTest", "Anagramtest\AnagramTest.csproj", "{8873F02C-497D-44AA-A117-4E66B2B8F41F}"
EndProject
Global
	GlobalSection(SolutionConfigurationPlatforms) = preSolution
		Debug|Any CPU = Debug|Any CPU
		Release|Any CPU = Release|Any CPU
	EndGlobalSection
	GlobalSection(ProjectConfigurationPlatforms) = postSolution
		{932BE9BB-62EA-4CFF-B7BE-20D75D03CC4E}.Debug|Any CPU.ActiveCfg = Debug|Any CPU
		{932BE9BB-62EA-4CFF-B7BE-20D75D03CC4E}.Debug|Any CPU.Build.0 = Debug|Any CPU
		{932BE9BB-62EA-4CFF-B7BE-20D75D03CC4E}.Release|Any CPU.ActiveCfg = Release|Any CPU
		{932BE9BB-62EA-4CFF-B7BE-20D75D03CC4E}.Release|Any CPU.Build.0 = Release|Any CPU
		{8873F02C-497D-44AA-A117-4E66B2B8F41F}.Debug|Any CPU.ActiveCfg = Debug|Any CPU
		{8873F02C-497D-44AA-A117-4E66B2B8F41F}.Debug|Any CPU.Build.0 = Debug|Any CPU
		{8873F02C-497D-44AA-A117-4E66B2B8F41F}.Release|Any CPU.ActiveCfg = Release|Any CPU
		{8873F02C-497D-44AA-A117-4E66B2B8F41F}.Release|Any CPU.Build.0 = Release|Any CPU
	EndGlobalSection
EndGlobal
