
Microsoft Visual Studio Solution File, Format Version 12.00
# Visual Studio 2012
Project("{FAE04EC0-301F-11D3-BF4B-00C04F79EFBC}") = "BankOfSimba", "BankOfSimba.csproj", "{BBF488E1-3932-42DD-A8A2-5ADC493D6BBD}"
EndProject
Global
	GlobalSection(SolutionConfigurationPlatforms) = preSolution
		Debug|Any CPU = Debug|Any CPU
		Release|Any CPU = Release|Any CPU
	EndGlobalSection
	GlobalSection(ProjectConfigurationPlatforms) = postSolution
		{BBF488E1-3932-42DD-A8A2-5ADC493D6BBD}.Debug|Any CPU.ActiveCfg = Debug|Any CPU
		{BBF488E1-3932-42DD-A8A2-5ADC493D6BBD}.Debug|Any CPU.Build.0 = Debug|Any CPU
		{BBF488E1-3932-42DD-A8A2-5ADC493D6BBD}.Release|Any CPU.ActiveCfg = Release|Any CPU
		{BBF488E1-3932-42DD-A8A2-5ADC493D6BBD}.Release|Any CPU.Build.0 = Release|Any CPU
	EndGlobalSection
EndGlobal
