
Microsoft Visual Studio Solution File, Format Version 12.00
# Visual Studio 2012
Project("{FAE04EC0-301F-11D3-BF4B-00C04F79EFBC}") = "AnagramApp", "AnagramApp.csproj", "{645C5DAD-B50B-4E66-B0CC-AB951636B62A}"
EndProject
Global
	GlobalSection(SolutionConfigurationPlatforms) = preSolution
		Debug|Any CPU = Debug|Any CPU
		Release|Any CPU = Release|Any CPU
	EndGlobalSection
	GlobalSection(ProjectConfigurationPlatforms) = postSolution
		{645C5DAD-B50B-4E66-B0CC-AB951636B62A}.Debug|Any CPU.ActiveCfg = Debug|Any CPU
		{645C5DAD-B50B-4E66-B0CC-AB951636B62A}.Debug|Any CPU.Build.0 = Debug|Any CPU
		{645C5DAD-B50B-4E66-B0CC-AB951636B62A}.Release|Any CPU.ActiveCfg = Release|Any CPU
		{645C5DAD-B50B-4E66-B0CC-AB951636B62A}.Release|Any CPU.Build.0 = Release|Any CPU
	EndGlobalSection
EndGlobal
