
Microsoft Visual Studio Solution File, Format Version 12.00
# Visual Studio 2012
Project("{FAE04EC0-301F-11D3-BF4B-00C04F79EFBC}") = "exercise-28", "exercise-28.csproj", "{C0BC030E-96A5-46E3-A9A8-1FD7695B12F6}"
EndProject
Global
	GlobalSection(SolutionConfigurationPlatforms) = preSolution
		Debug|x86 = Debug|x86
		Release|x86 = Release|x86
	EndGlobalSection
	GlobalSection(ProjectConfigurationPlatforms) = postSolution
		{C0BC030E-96A5-46E3-A9A8-1FD7695B12F6}.Debug|x86.ActiveCfg = Debug|x86
		{C0BC030E-96A5-46E3-A9A8-1FD7695B12F6}.Debug|x86.Build.0 = Debug|x86
		{C0BC030E-96A5-46E3-A9A8-1FD7695B12F6}.Release|x86.ActiveCfg = Release|x86
		{C0BC030E-96A5-46E3-A9A8-1FD7695B12F6}.Release|x86.Build.0 = Release|x86
	EndGlobalSection
EndGlobal
