
Microsoft Visual Studio Solution File, Format Version 12.00
# Visual Studio 2012
Project("{FAE04EC0-301F-11D3-BF4B-00C04F79EFBC}") = "exercise-35", "exercise-35.csproj", "{F622DD8A-EC16-46CE-9F9F-0F63FC0517E8}"
EndProject
Global
	GlobalSection(SolutionConfigurationPlatforms) = preSolution
		Debug|x86 = Debug|x86
		Release|x86 = Release|x86
	EndGlobalSection
	GlobalSection(ProjectConfigurationPlatforms) = postSolution
		{F622DD8A-EC16-46CE-9F9F-0F63FC0517E8}.Debug|x86.ActiveCfg = Debug|x86
		{F622DD8A-EC16-46CE-9F9F-0F63FC0517E8}.Debug|x86.Build.0 = Debug|x86
		{F622DD8A-EC16-46CE-9F9F-0F63FC0517E8}.Release|x86.ActiveCfg = Release|x86
		{F622DD8A-EC16-46CE-9F9F-0F63FC0517E8}.Release|x86.Build.0 = Release|x86
	EndGlobalSection
EndGlobal
